{
    "_meta": {
        "hash": {
            "sha256": "f2a970bce396a44111e855acda5bb213783173ae7bbe5ab57e929276cf10e560"
        },
        "pipfile-spec": 6,
        "requires": {
            "python_version": "3.6"
        },
        "sources": [
            {
                "name": "pypi",
                "url": "https://pypi.org/simple",
                "verify_ssl": true
            }
        ]
    },
    "default": {
        "elevate": {
            "hashes": [
                "sha256:53ad19fa1de301fb1de3f8768fb3a5894215716fd96a475690c4d0ff3b1de209"
            ],
            "index": "pypi",
            "version": "==0.1.3"
        },
        "prompt-toolkit": {
            "hashes": [
                "sha256:0278d2f51b5ceba6ea8da39f76d15684e84c996b325475f6e5720edc584326a7",
                "sha256:63daee79aa8366c8f1c637f1a4876b890da5fc92a19ebd2f7080ebacb901e990"
            ],
            "index": "pypi",
            "version": "==3.0.2"
        },
        "wcwidth": {
            "hashes": [
                "sha256:8fd29383f539be45b20bd4df0dc29c20ba48654a41e661925e612311e9f3c603",
                "sha256:f28b3e8a6483e5d49e7f8949ac1a78314e740333ae305b4ba5defd3e74fb37a8"
            ],
            "version": "==0.1.8"
        }
    },
    "develop": {}
}
